
Microsoft Visual Studio Solution File, Format Version 12.00
Project("{2150E333-8FDC-42A3-9474-1A3956D46DE8}") = "Catalog", "Catalog", "{5C43244C-A4A2-4DA3-B9B8-C752E892551A}"
EndProject
Project("{FAE04EC0-301F-11D3-BF4B-00C04F79EFBC}") = "Catalog.Endpoints", "Catalog.Endpoints\Catalog.Endpoints.csproj", "{7C03B289-0C7B-4DE0-A63F-E67501C1987F}"
EndProject
Project("{FAE04EC0-301F-11D3-BF4B-00C04F79EFBC}") = "Catalog.Application", "Catalog.Application\Catalog.Application.csproj", "{5E47EF7A-072C-4C87-8857-F8166FA7C785}"
EndProject
Project("{FAE04EC0-301F-11D3-BF4B-00C04F79EFBC}") = "Catalog.Domain", "Catalog.Domain\Catalog.Domain.csproj", "{EA94B18D-8829-4B40-816B-9369CEE10668}"
EndProject
Project("{FAE04EC0-301F-11D3-BF4B-00C04F79EFBC}") = "Catalog.Infrastructure", "Catalog.Infrastructure\Catalog.Infrastructure.csproj", "{D8067DDE-6FCA-493B-A29D-E55403425260}"
EndProject
Project("{2150E333-8FDC-42A3-9474-1A3956D46DE8}") = "Shared", "Shared", "{59DBDF1D-F704-483B-ADF1-F6B7BF87965E}"
EndProject
Project("{FAE04EC0-301F-11D3-BF4B-00C04F79EFBC}") = "Shared.Application", "Shared.Application\Shared.Application.csproj", "{8D36CB3F-38DF-4227-B2FC-48229150BE76}"
EndProject
Project("{FAE04EC0-301F-11D3-BF4B-00C04F79EFBC}") = "Shared.Domain", "Shared.Domain\Shared.Domain.csproj", "{B65042A3-32E9-458D-B440-A0544AF8E473}"
EndProject
Project("{FAE04EC0-301F-11D3-BF4B-00C04F79EFBC}") = "Shared.Infrastructure", "Shared.Infrastructure\Shared.Infrastructure.csproj", "{54F154BD-E12D-4E56-8288-3AC4DF3CD2A6}"
EndProject
Project("{2150E333-8FDC-42A3-9474-1A3956D46DE8}") = "Modules", "Modules", "{05BFFD7C-0F31-4EA0-A4FB-C326F25D1D31}"
EndProject
Project("{FAE04EC0-301F-11D3-BF4B-00C04F79EFBC}") = "Wolfix.API", "Wolfix.API\Wolfix.API.csproj", "{198662DE-2796-436C-B941-27E3F91B9966}"
EndProject
Project("{2150E333-8FDC-42A3-9474-1A3956D46DE8}") = "Media", "Media", "{C5C9F05F-011D-418D-8C50-F4EA02592335}"
EndProject
Project("{FAE04EC0-301F-11D3-BF4B-00C04F79EFBC}") = "Media.Application", "Media.Application\Media.Application.csproj", "{502F29ED-9556-4858-9A75-27EDEA665DC3}"
EndProject
Project("{FAE04EC0-301F-11D3-BF4B-00C04F79EFBC}") = "Media.Domain", "Media.Domain\Media.Domain.csproj", "{4474325D-982F-4753-A515-74C86916BE85}"
EndProject
Project("{FAE04EC0-301F-11D3-BF4B-00C04F79EFBC}") = "Media.Infrastructure", "Media.Infrastructure\Media.Infrastructure.csproj", "{D83F0551-50C5-4598-962B-1AF41CAE6344}"
EndProject
Project("{FAE04EC0-301F-11D3-BF4B-00C04F79EFBC}") = "Media.Api", "Media.Api\Media.Api.csproj", "{F24D1C94-9C1B-40C0-A4C4-DE208E528EB7}"
EndProject
Project("{2150E333-8FDC-42A3-9474-1A3956D46DE8}") = "Identity", "Identity", "{E94731D4-9F62-4399-9F25-72065FFBE8A6}"
EndProject
Project("{FAE04EC0-301F-11D3-BF4B-00C04F79EFBC}") = "Identity.Infrastructure", "Identity.Infrastructure\Identity.Infrastructure.csproj", "{401DBB67-672B-4FC9-8854-AD12F3DACA3A}"
EndProject
Project("{FAE04EC0-301F-11D3-BF4B-00C04F79EFBC}") = "Identity.Application", "Identity.Application\Identity.Application.csproj", "{DC7A047E-FB7F-46B9-885A-013104B9AB31}"
EndProject
Project("{FAE04EC0-301F-11D3-BF4B-00C04F79EFBC}") = "Identity.Endpoints", "Identity.Endpoints\Identity.Endpoints.csproj", "{85594006-01AD-446D-BDEF-0E9A7C6F4E61}"
EndProject
Project("{2150E333-8FDC-42A3-9474-1A3956D46DE8}") = "Customer", "Customer", "{3E1E9B5F-596F-47BF-8F86-0E1B264C6849}"
EndProject
Project("{FAE04EC0-301F-11D3-BF4B-00C04F79EFBC}") = "Customer.Domain", "Customer.Domain\Customer.Domain.csproj", "{8A580AE0-B0D4-42B9-BEFF-37FDFE518F0F}"
EndProject
Project("{FAE04EC0-301F-11D3-BF4B-00C04F79EFBC}") = "Customer.Infrastructure", "Customer.Infrastructure\Customer.Infrastructure.csproj", "{F47A5A49-A331-492C-B076-85BC95F26675}"
EndProject
Project("{FAE04EC0-301F-11D3-BF4B-00C04F79EFBC}") = "Customer.Application", "Customer.Application\Customer.Application.csproj", "{E8431038-6A66-4D4E-8A3F-92B056036140}"
EndProject
Project("{FAE04EC0-301F-11D3-BF4B-00C04F79EFBC}") = "Customer.Endpoints", "Customer.Endpoints\Customer.Endpoints.csproj", "{A938CEFD-5283-40C6-94D6-CE3208F90026}"
EndProject
Project("{FAE04EC0-301F-11D3-BF4B-00C04F79EFBC}") = "Identity.IntegrationEvents", "Identity.IntegrationEvents\Identity.IntegrationEvents.csproj", "{293DB9A8-0310-40F3-A01D-3E97B7A849CB}"
EndProject
Project("{FAE04EC0-301F-11D3-BF4B-00C04F79EFBC}") = "Shared.IntegrationEvents", "Shared.IntegrationEvents\Shared.IntegrationEvents.csproj", "{004EAC1B-14BF-47E2-9E65-8DF535ACB03F}"
EndProject
Project("{FAE04EC0-301F-11D3-BF4B-00C04F79EFBC}") = "Media.IntegrationEvents", "Media.IntegrationEvents\Media.IntegrationEvents.csproj", "{91A43440-E2C7-4CF0-AC4D-AEF728796A57}"
EndProject
Project("{FAE04EC0-301F-11D3-BF4B-00C04F79EFBC}") = "Customer.IntegrationEvents", "Customer.IntegrationEvents\Customer.IntegrationEvents.csproj", "{D16C9C65-8A62-498A-8DF7-06237401FCD4}"
EndProject
Project("{FAE04EC0-301F-11D3-BF4B-00C04F79EFBC}") = "Catalog.Tests", "Catalog.Tests\Catalog.Tests.csproj", "{03873945-88AE-45EE-A52C-8FE524D6FB01}"
EndProject
Project("{FAE04EC0-301F-11D3-BF4B-00C04F79EFBC}") = "Catalog.IntegrationEvents", "Catalog.IntegrationEvents\Catalog.IntegrationEvents.csproj", "{990546AF-1228-4B9D-A775-245651FCEAFE}"
EndProject
Project("{2150E333-8FDC-42A3-9474-1A3956D46DE8}") = "Seller", "Seller", "{4644CFDC-FF85-4CEE-98BE-7D438CD9C3D5}"
EndProject
Project("{FAE04EC0-301F-11D3-BF4B-00C04F79EFBC}") = "Seller.Domain", "Seller.Domain\Seller.Domain.csproj", "{42BFDBBA-09AE-4DBE-977B-6B8883BB8C7E}"
EndProject
Project("{FAE04EC0-301F-11D3-BF4B-00C04F79EFBC}") = "Seller.Infrastructure", "Seller.Infrastructure\Seller.Infrastructure.csproj", "{1B1B3FE9-9FC9-4BF3-A563-8DC6CB1671D1}"
EndProject
Project("{FAE04EC0-301F-11D3-BF4B-00C04F79EFBC}") = "Seller.Application", "Seller.Application\Seller.Application.csproj", "{5C098E39-9E86-4D20-B82B-4790A98D7592}"
EndProject
Project("{FAE04EC0-301F-11D3-BF4B-00C04F79EFBC}") = "Seller.Endpoints", "Seller.Endpoints\Seller.Endpoints.csproj", "{18AC7D26-9FB6-4139-AAFC-5580A447A066}"
EndProject
Project("{FAE04EC0-301F-11D3-BF4B-00C04F79EFBC}") = "Wolfix.AppHost", "Wolfix.AppHost\Wolfix.AppHost.csproj", "{5007DB17-79A8-4183-8A7A-7974D5F57289}"
EndProject
Project("{FAE04EC0-301F-11D3-BF4B-00C04F79EFBC}") = "Wolfix.ServiceDefaults", "Wolfix.ServiceDefaults\Wolfix.ServiceDefaults.csproj", "{B2F86A16-5020-4934-99B5-201B614CD61D}"
EndProject
Project("{2150E333-8FDC-42A3-9474-1A3956D46DE8}") = "Aspire", "Aspire", "{FFC560F8-858F-4497-8644-15E9AE793708}"
EndProject
Project("{2150E333-8FDC-42A3-9474-1A3956D46DE8}") = "Order", "Order", "{51024836-E905-4B1B-B84D-E6C4CEEA240D}"
EndProject
Project("{FAE04EC0-301F-11D3-BF4B-00C04F79EFBC}") = "Order.Domain", "Order.Domain\Order.Domain.csproj", "{E0D08E0C-D222-456A-9973-64D533CAFCF1}"
EndProject
Project("{FAE04EC0-301F-11D3-BF4B-00C04F79EFBC}") = "Order.Infrastructure", "Order.Infrastructure\Order.Infrastructure.csproj", "{134CC8BE-F75B-450D-98D2-92F8E35FF99D}"
EndProject
Project("{FAE04EC0-301F-11D3-BF4B-00C04F79EFBC}") = "Order.Application", "Order.Application\Order.Application.csproj", "{55CA59C5-8456-4932-8F42-37B76E8FF388}"
EndProject
Project("{FAE04EC0-301F-11D3-BF4B-00C04F79EFBC}") = "Order.Endpoints", "Order.Endpoints\Order.Endpoints.csproj", "{D0C6CE8B-A815-47FC-B4E1-02CDBD2BD9D6}"
EndProject
Project("{FAE04EC0-301F-11D3-BF4B-00C04F79EFBC}") = "Order.IntegrationEvents", "Order.IntegrationEvents\Order.IntegrationEvents.csproj", "{CF26116F-5295-408B-9344-CDE8658D9B21}"
EndProject
Project("{2150E333-8FDC-42A3-9474-1A3956D46DE8}") = "Admin", "Admin", "{FCF741C3-7FDD-4F5B-9C79-D566BCB48C80}"
EndProject
Project("{FAE04EC0-301F-11D3-BF4B-00C04F79EFBC}") = "Admin.Domain", "Admin.Domain\Admin.Domain.csproj", "{95D7E8A5-9272-4A4B-8FA2-7929B104CDE1}"
EndProject
Project("{FAE04EC0-301F-11D3-BF4B-00C04F79EFBC}") = "Seller.IntegrationEvents", "Seller.IntegrationEvents\Seller.IntegrationEvents.csproj", "{1D3662D4-0998-41CC-84A2-1F8652EDD29B}"
EndProject
Project("{FAE04EC0-301F-11D3-BF4B-00C04F79EFBC}") = "Admin.Infrastructure", "Admin.Infrastructure\Admin.Infrastructure.csproj", "{2B89E555-C50C-4A88-956A-A6638A8D02C0}"
EndProject
Project("{FAE04EC0-301F-11D3-BF4B-00C04F79EFBC}") = "Admin.Application", "Admin.Application\Admin.Application.csproj", "{472FA35E-D297-444B-A9DF-60770FBF90D0}"
EndProject
Project("{FAE04EC0-301F-11D3-BF4B-00C04F79EFBC}") = "Admin.Endpoints", "Admin.Endpoints\Admin.Endpoints.csproj", "{F6071750-5B70-470D-A5A3-2EFCF438A8FF}"
EndProject
Project("{FAE04EC0-301F-11D3-BF4B-00C04F79EFBC}") = "Admin.IntegrationEvents", "Admin.IntegrationEvents\Admin.IntegrationEvents.csproj", "{68309173-23AE-4E03-861E-0C37573998DC}"
EndProject
Project("{2150E333-8FDC-42A3-9474-1A3956D46DE8}") = "Support", "Support", "{0CA0C967-1970-4915-8E79-B84FDE59E5DA}"
EndProject
Project("{FAE04EC0-301F-11D3-BF4B-00C04F79EFBC}") = "Support.Domain", "Support.Domain\Support.Domain.csproj", "{F339F145-70B4-4364-9019-DD18EC818C30}"
EndProject
Project("{FAE04EC0-301F-11D3-BF4B-00C04F79EFBC}") = "Support.Application", "Support.Application\Support.Application.csproj", "{154FA215-005C-46DF-B967-59A52A5FDDBF}"
EndProject
Project("{FAE04EC0-301F-11D3-BF4B-00C04F79EFBC}") = "Support.Endpoints", "Support.Endpoints\Support.Endpoints.csproj", "{D6FD7C5C-0C68-4959-9153-F078BF57BD18}"
EndProject
Project("{FAE04EC0-301F-11D3-BF4B-00C04F79EFBC}") = "Support.Infrastructure.EFCore", "Support.Infrastructure.EFCore\Support.Infrastructure.EFCore.csproj", "{FDF66CA2-6E1F-497E-A224-9655B6E7DF3E}"
EndProject
Project("{FAE04EC0-301F-11D3-BF4B-00C04F79EFBC}") = "Support.IntegrationEvents", "Support.IntegrationEvents\Support.IntegrationEvents.csproj", "{E52B0A44-40EF-4F47-B73F-F4EB03DEB59E}"
EndProject
Project("{FAE04EC0-301F-11D3-BF4B-00C04F79EFBC}") = "Shared.Endpoints", "Shared.Endpoints\Shared.Endpoints.csproj", "{57FF3F4A-42F2-42C0-902C-11A0120BDAD0}"
EndProject
Project("{FAE04EC0-301F-11D3-BF4B-00C04F79EFBC}") = "Support.Infrastructure.MongoDB", "Support.Infrastructure.MongoDB\Support.Infrastructure.MongoDB.csproj", "{680FBAA8-7714-4654-B62C-D6266470F00D}"
EndProject
Project("{FAE04EC0-301F-11D3-BF4B-00C04F79EFBC}") = "Admin.Tests", "Admin.Tests\Admin.Tests.csproj", "{2A003CAD-827F-4082-B8B2-C37A4A2C45D9}"
EndProject
Project("{FAE04EC0-301F-11D3-BF4B-00C04F79EFBC}") = "Customer.Tests", "Customer.Tests\Customer.Tests.csproj", "{2947814F-0F89-4D09-9F7C-22D1ACEEFA7D}"
EndProject
Global
	GlobalSection(SolutionConfigurationPlatforms) = preSolution
		Debug|Any CPU = Debug|Any CPU
		Release|Any CPU = Release|Any CPU
	EndGlobalSection
	GlobalSection(ProjectConfigurationPlatforms) = postSolution
		{7C03B289-0C7B-4DE0-A63F-E67501C1987F}.Debug|Any CPU.ActiveCfg = Debug|Any CPU
		{7C03B289-0C7B-4DE0-A63F-E67501C1987F}.Debug|Any CPU.Build.0 = Debug|Any CPU
		{7C03B289-0C7B-4DE0-A63F-E67501C1987F}.Release|Any CPU.ActiveCfg = Release|Any CPU
		{7C03B289-0C7B-4DE0-A63F-E67501C1987F}.Release|Any CPU.Build.0 = Release|Any CPU
		{5E47EF7A-072C-4C87-8857-F8166FA7C785}.Debug|Any CPU.ActiveCfg = Debug|Any CPU
		{5E47EF7A-072C-4C87-8857-F8166FA7C785}.Debug|Any CPU.Build.0 = Debug|Any CPU
		{5E47EF7A-072C-4C87-8857-F8166FA7C785}.Release|Any CPU.ActiveCfg = Release|Any CPU
		{5E47EF7A-072C-4C87-8857-F8166FA7C785}.Release|Any CPU.Build.0 = Release|Any CPU
		{EA94B18D-8829-4B40-816B-9369CEE10668}.Debug|Any CPU.ActiveCfg = Debug|Any CPU
		{EA94B18D-8829-4B40-816B-9369CEE10668}.Debug|Any CPU.Build.0 = Debug|Any CPU
		{EA94B18D-8829-4B40-816B-9369CEE10668}.Release|Any CPU.ActiveCfg = Release|Any CPU
		{EA94B18D-8829-4B40-816B-9369CEE10668}.Release|Any CPU.Build.0 = Release|Any CPU
		{D8067DDE-6FCA-493B-A29D-E55403425260}.Debug|Any CPU.ActiveCfg = Debug|Any CPU
		{D8067DDE-6FCA-493B-A29D-E55403425260}.Debug|Any CPU.Build.0 = Debug|Any CPU
		{D8067DDE-6FCA-493B-A29D-E55403425260}.Release|Any CPU.ActiveCfg = Release|Any CPU
		{D8067DDE-6FCA-493B-A29D-E55403425260}.Release|Any CPU.Build.0 = Release|Any CPU
		{8D36CB3F-38DF-4227-B2FC-48229150BE76}.Debug|Any CPU.ActiveCfg = Debug|Any CPU
		{8D36CB3F-38DF-4227-B2FC-48229150BE76}.Debug|Any CPU.Build.0 = Debug|Any CPU
		{8D36CB3F-38DF-4227-B2FC-48229150BE76}.Release|Any CPU.ActiveCfg = Release|Any CPU
		{8D36CB3F-38DF-4227-B2FC-48229150BE76}.Release|Any CPU.Build.0 = Release|Any CPU
		{B65042A3-32E9-458D-B440-A0544AF8E473}.Debug|Any CPU.ActiveCfg = Debug|Any CPU
		{B65042A3-32E9-458D-B440-A0544AF8E473}.Debug|Any CPU.Build.0 = Debug|Any CPU
		{B65042A3-32E9-458D-B440-A0544AF8E473}.Release|Any CPU.ActiveCfg = Release|Any CPU
		{B65042A3-32E9-458D-B440-A0544AF8E473}.Release|Any CPU.Build.0 = Release|Any CPU
		{54F154BD-E12D-4E56-8288-3AC4DF3CD2A6}.Debug|Any CPU.ActiveCfg = Debug|Any CPU
		{54F154BD-E12D-4E56-8288-3AC4DF3CD2A6}.Debug|Any CPU.Build.0 = Debug|Any CPU
		{54F154BD-E12D-4E56-8288-3AC4DF3CD2A6}.Release|Any CPU.ActiveCfg = Release|Any CPU
		{54F154BD-E12D-4E56-8288-3AC4DF3CD2A6}.Release|Any CPU.Build.0 = Release|Any CPU
		{198662DE-2796-436C-B941-27E3F91B9966}.Debug|Any CPU.ActiveCfg = Debug|Any CPU
		{198662DE-2796-436C-B941-27E3F91B9966}.Debug|Any CPU.Build.0 = Debug|Any CPU
		{198662DE-2796-436C-B941-27E3F91B9966}.Release|Any CPU.ActiveCfg = Release|Any CPU
		{198662DE-2796-436C-B941-27E3F91B9966}.Release|Any CPU.Build.0 = Release|Any CPU
		{502F29ED-9556-4858-9A75-27EDEA665DC3}.Debug|Any CPU.ActiveCfg = Debug|Any CPU
		{502F29ED-9556-4858-9A75-27EDEA665DC3}.Debug|Any CPU.Build.0 = Debug|Any CPU
		{502F29ED-9556-4858-9A75-27EDEA665DC3}.Release|Any CPU.ActiveCfg = Release|Any CPU
		{502F29ED-9556-4858-9A75-27EDEA665DC3}.Release|Any CPU.Build.0 = Release|Any CPU
		{4474325D-982F-4753-A515-74C86916BE85}.Debug|Any CPU.ActiveCfg = Debug|Any CPU
		{4474325D-982F-4753-A515-74C86916BE85}.Debug|Any CPU.Build.0 = Debug|Any CPU
		{4474325D-982F-4753-A515-74C86916BE85}.Release|Any CPU.ActiveCfg = Release|Any CPU
		{4474325D-982F-4753-A515-74C86916BE85}.Release|Any CPU.Build.0 = Release|Any CPU
		{D83F0551-50C5-4598-962B-1AF41CAE6344}.Debug|Any CPU.ActiveCfg = Debug|Any CPU
		{D83F0551-50C5-4598-962B-1AF41CAE6344}.Debug|Any CPU.Build.0 = Debug|Any CPU
		{D83F0551-50C5-4598-962B-1AF41CAE6344}.Release|Any CPU.ActiveCfg = Release|Any CPU
		{D83F0551-50C5-4598-962B-1AF41CAE6344}.Release|Any CPU.Build.0 = Release|Any CPU
		{F24D1C94-9C1B-40C0-A4C4-DE208E528EB7}.Debug|Any CPU.ActiveCfg = Debug|Any CPU
		{F24D1C94-9C1B-40C0-A4C4-DE208E528EB7}.Debug|Any CPU.Build.0 = Debug|Any CPU
		{F24D1C94-9C1B-40C0-A4C4-DE208E528EB7}.Release|Any CPU.ActiveCfg = Release|Any CPU
		{F24D1C94-9C1B-40C0-A4C4-DE208E528EB7}.Release|Any CPU.Build.0 = Release|Any CPU
		{401DBB67-672B-4FC9-8854-AD12F3DACA3A}.Debug|Any CPU.ActiveCfg = Debug|Any CPU
		{401DBB67-672B-4FC9-8854-AD12F3DACA3A}.Debug|Any CPU.Build.0 = Debug|Any CPU
		{401DBB67-672B-4FC9-8854-AD12F3DACA3A}.Release|Any CPU.ActiveCfg = Release|Any CPU
		{401DBB67-672B-4FC9-8854-AD12F3DACA3A}.Release|Any CPU.Build.0 = Release|Any CPU
		{DC7A047E-FB7F-46B9-885A-013104B9AB31}.Debug|Any CPU.ActiveCfg = Debug|Any CPU
		{DC7A047E-FB7F-46B9-885A-013104B9AB31}.Debug|Any CPU.Build.0 = Debug|Any CPU
		{DC7A047E-FB7F-46B9-885A-013104B9AB31}.Release|Any CPU.ActiveCfg = Release|Any CPU
		{DC7A047E-FB7F-46B9-885A-013104B9AB31}.Release|Any CPU.Build.0 = Release|Any CPU
		{85594006-01AD-446D-BDEF-0E9A7C6F4E61}.Debug|Any CPU.ActiveCfg = Debug|Any CPU
		{85594006-01AD-446D-BDEF-0E9A7C6F4E61}.Debug|Any CPU.Build.0 = Debug|Any CPU
		{85594006-01AD-446D-BDEF-0E9A7C6F4E61}.Release|Any CPU.ActiveCfg = Release|Any CPU
		{85594006-01AD-446D-BDEF-0E9A7C6F4E61}.Release|Any CPU.Build.0 = Release|Any CPU
		{8A580AE0-B0D4-42B9-BEFF-37FDFE518F0F}.Debug|Any CPU.ActiveCfg = Debug|Any CPU
		{8A580AE0-B0D4-42B9-BEFF-37FDFE518F0F}.Debug|Any CPU.Build.0 = Debug|Any CPU
		{8A580AE0-B0D4-42B9-BEFF-37FDFE518F0F}.Release|Any CPU.ActiveCfg = Release|Any CPU
		{8A580AE0-B0D4-42B9-BEFF-37FDFE518F0F}.Release|Any CPU.Build.0 = Release|Any CPU
		{F47A5A49-A331-492C-B076-85BC95F26675}.Debug|Any CPU.ActiveCfg = Debug|Any CPU
		{F47A5A49-A331-492C-B076-85BC95F26675}.Debug|Any CPU.Build.0 = Debug|Any CPU
		{F47A5A49-A331-492C-B076-85BC95F26675}.Release|Any CPU.ActiveCfg = Release|Any CPU
		{F47A5A49-A331-492C-B076-85BC95F26675}.Release|Any CPU.Build.0 = Release|Any CPU
		{E8431038-6A66-4D4E-8A3F-92B056036140}.Debug|Any CPU.ActiveCfg = Debug|Any CPU
		{E8431038-6A66-4D4E-8A3F-92B056036140}.Debug|Any CPU.Build.0 = Debug|Any CPU
		{E8431038-6A66-4D4E-8A3F-92B056036140}.Release|Any CPU.ActiveCfg = Release|Any CPU
		{E8431038-6A66-4D4E-8A3F-92B056036140}.Release|Any CPU.Build.0 = Release|Any CPU
		{A938CEFD-5283-40C6-94D6-CE3208F90026}.Debug|Any CPU.ActiveCfg = Debug|Any CPU
		{A938CEFD-5283-40C6-94D6-CE3208F90026}.Debug|Any CPU.Build.0 = Debug|Any CPU
		{A938CEFD-5283-40C6-94D6-CE3208F90026}.Release|Any CPU.ActiveCfg = Release|Any CPU
		{A938CEFD-5283-40C6-94D6-CE3208F90026}.Release|Any CPU.Build.0 = Release|Any CPU
		{293DB9A8-0310-40F3-A01D-3E97B7A849CB}.Debug|Any CPU.ActiveCfg = Debug|Any CPU
		{293DB9A8-0310-40F3-A01D-3E97B7A849CB}.Debug|Any CPU.Build.0 = Debug|Any CPU
		{293DB9A8-0310-40F3-A01D-3E97B7A849CB}.Release|Any CPU.ActiveCfg = Release|Any CPU
		{293DB9A8-0310-40F3-A01D-3E97B7A849CB}.Release|Any CPU.Build.0 = Release|Any CPU
		{004EAC1B-14BF-47E2-9E65-8DF535ACB03F}.Debug|Any CPU.ActiveCfg = Debug|Any CPU
		{004EAC1B-14BF-47E2-9E65-8DF535ACB03F}.Debug|Any CPU.Build.0 = Debug|Any CPU
		{004EAC1B-14BF-47E2-9E65-8DF535ACB03F}.Release|Any CPU.ActiveCfg = Release|Any CPU
		{004EAC1B-14BF-47E2-9E65-8DF535ACB03F}.Release|Any CPU.Build.0 = Release|Any CPU
		{91A43440-E2C7-4CF0-AC4D-AEF728796A57}.Debug|Any CPU.ActiveCfg = Debug|Any CPU
		{91A43440-E2C7-4CF0-AC4D-AEF728796A57}.Debug|Any CPU.Build.0 = Debug|Any CPU
		{91A43440-E2C7-4CF0-AC4D-AEF728796A57}.Release|Any CPU.ActiveCfg = Release|Any CPU
		{91A43440-E2C7-4CF0-AC4D-AEF728796A57}.Release|Any CPU.Build.0 = Release|Any CPU
		{D16C9C65-8A62-498A-8DF7-06237401FCD4}.Debug|Any CPU.ActiveCfg = Debug|Any CPU
		{D16C9C65-8A62-498A-8DF7-06237401FCD4}.Debug|Any CPU.Build.0 = Debug|Any CPU
		{D16C9C65-8A62-498A-8DF7-06237401FCD4}.Release|Any CPU.ActiveCfg = Release|Any CPU
		{D16C9C65-8A62-498A-8DF7-06237401FCD4}.Release|Any CPU.Build.0 = Release|Any CPU
		{03873945-88AE-45EE-A52C-8FE524D6FB01}.Debug|Any CPU.ActiveCfg = Debug|Any CPU
		{03873945-88AE-45EE-A52C-8FE524D6FB01}.Debug|Any CPU.Build.0 = Debug|Any CPU
		{03873945-88AE-45EE-A52C-8FE524D6FB01}.Release|Any CPU.ActiveCfg = Release|Any CPU
		{03873945-88AE-45EE-A52C-8FE524D6FB01}.Release|Any CPU.Build.0 = Release|Any CPU
		{990546AF-1228-4B9D-A775-245651FCEAFE}.Debug|Any CPU.ActiveCfg = Debug|Any CPU
		{990546AF-1228-4B9D-A775-245651FCEAFE}.Debug|Any CPU.Build.0 = Debug|Any CPU
		{990546AF-1228-4B9D-A775-245651FCEAFE}.Release|Any CPU.ActiveCfg = Release|Any CPU
		{990546AF-1228-4B9D-A775-245651FCEAFE}.Release|Any CPU.Build.0 = Release|Any CPU
		{42BFDBBA-09AE-4DBE-977B-6B8883BB8C7E}.Debug|Any CPU.ActiveCfg = Debug|Any CPU
		{42BFDBBA-09AE-4DBE-977B-6B8883BB8C7E}.Debug|Any CPU.Build.0 = Debug|Any CPU
		{42BFDBBA-09AE-4DBE-977B-6B8883BB8C7E}.Release|Any CPU.ActiveCfg = Release|Any CPU
		{42BFDBBA-09AE-4DBE-977B-6B8883BB8C7E}.Release|Any CPU.Build.0 = Release|Any CPU
		{1B1B3FE9-9FC9-4BF3-A563-8DC6CB1671D1}.Debug|Any CPU.ActiveCfg = Debug|Any CPU
		{1B1B3FE9-9FC9-4BF3-A563-8DC6CB1671D1}.Debug|Any CPU.Build.0 = Debug|Any CPU
		{1B1B3FE9-9FC9-4BF3-A563-8DC6CB1671D1}.Release|Any CPU.ActiveCfg = Release|Any CPU
		{1B1B3FE9-9FC9-4BF3-A563-8DC6CB1671D1}.Release|Any CPU.Build.0 = Release|Any CPU
		{5C098E39-9E86-4D20-B82B-4790A98D7592}.Debug|Any CPU.ActiveCfg = Debug|Any CPU
		{5C098E39-9E86-4D20-B82B-4790A98D7592}.Debug|Any CPU.Build.0 = Debug|Any CPU
		{5C098E39-9E86-4D20-B82B-4790A98D7592}.Release|Any CPU.ActiveCfg = Release|Any CPU
		{5C098E39-9E86-4D20-B82B-4790A98D7592}.Release|Any CPU.Build.0 = Release|Any CPU
		{18AC7D26-9FB6-4139-AAFC-5580A447A066}.Debug|Any CPU.ActiveCfg = Debug|Any CPU
		{18AC7D26-9FB6-4139-AAFC-5580A447A066}.Debug|Any CPU.Build.0 = Debug|Any CPU
		{18AC7D26-9FB6-4139-AAFC-5580A447A066}.Release|Any CPU.ActiveCfg = Release|Any CPU
		{18AC7D26-9FB6-4139-AAFC-5580A447A066}.Release|Any CPU.Build.0 = Release|Any CPU
		{5007DB17-79A8-4183-8A7A-7974D5F57289}.Debug|Any CPU.ActiveCfg = Debug|Any CPU
		{5007DB17-79A8-4183-8A7A-7974D5F57289}.Debug|Any CPU.Build.0 = Debug|Any CPU
		{5007DB17-79A8-4183-8A7A-7974D5F57289}.Release|Any CPU.ActiveCfg = Release|Any CPU
		{5007DB17-79A8-4183-8A7A-7974D5F57289}.Release|Any CPU.Build.0 = Release|Any CPU
		{B2F86A16-5020-4934-99B5-201B614CD61D}.Debug|Any CPU.ActiveCfg = Debug|Any CPU
		{B2F86A16-5020-4934-99B5-201B614CD61D}.Debug|Any CPU.Build.0 = Debug|Any CPU
		{B2F86A16-5020-4934-99B5-201B614CD61D}.Release|Any CPU.ActiveCfg = Release|Any CPU
		{B2F86A16-5020-4934-99B5-201B614CD61D}.Release|Any CPU.Build.0 = Release|Any CPU
		{E0D08E0C-D222-456A-9973-64D533CAFCF1}.Debug|Any CPU.ActiveCfg = Debug|Any CPU
		{E0D08E0C-D222-456A-9973-64D533CAFCF1}.Debug|Any CPU.Build.0 = Debug|Any CPU
		{E0D08E0C-D222-456A-9973-64D533CAFCF1}.Release|Any CPU.ActiveCfg = Release|Any CPU
		{E0D08E0C-D222-456A-9973-64D533CAFCF1}.Release|Any CPU.Build.0 = Release|Any CPU
		{134CC8BE-F75B-450D-98D2-92F8E35FF99D}.Debug|Any CPU.ActiveCfg = Debug|Any CPU
		{134CC8BE-F75B-450D-98D2-92F8E35FF99D}.Debug|Any CPU.Build.0 = Debug|Any CPU
		{134CC8BE-F75B-450D-98D2-92F8E35FF99D}.Release|Any CPU.ActiveCfg = Release|Any CPU
		{134CC8BE-F75B-450D-98D2-92F8E35FF99D}.Release|Any CPU.Build.0 = Release|Any CPU
		{55CA59C5-8456-4932-8F42-37B76E8FF388}.Debug|Any CPU.ActiveCfg = Debug|Any CPU
		{55CA59C5-8456-4932-8F42-37B76E8FF388}.Debug|Any CPU.Build.0 = Debug|Any CPU
		{55CA59C5-8456-4932-8F42-37B76E8FF388}.Release|Any CPU.ActiveCfg = Release|Any CPU
		{55CA59C5-8456-4932-8F42-37B76E8FF388}.Release|Any CPU.Build.0 = Release|Any CPU
		{D0C6CE8B-A815-47FC-B4E1-02CDBD2BD9D6}.Debug|Any CPU.ActiveCfg = Debug|Any CPU
		{D0C6CE8B-A815-47FC-B4E1-02CDBD2BD9D6}.Debug|Any CPU.Build.0 = Debug|Any CPU
		{D0C6CE8B-A815-47FC-B4E1-02CDBD2BD9D6}.Release|Any CPU.ActiveCfg = Release|Any CPU
		{D0C6CE8B-A815-47FC-B4E1-02CDBD2BD9D6}.Release|Any CPU.Build.0 = Release|Any CPU
		{CF26116F-5295-408B-9344-CDE8658D9B21}.Debug|Any CPU.ActiveCfg = Debug|Any CPU
		{CF26116F-5295-408B-9344-CDE8658D9B21}.Debug|Any CPU.Build.0 = Debug|Any CPU
		{CF26116F-5295-408B-9344-CDE8658D9B21}.Release|Any CPU.ActiveCfg = Release|Any CPU
		{CF26116F-5295-408B-9344-CDE8658D9B21}.Release|Any CPU.Build.0 = Release|Any CPU
		{95D7E8A5-9272-4A4B-8FA2-7929B104CDE1}.Debug|Any CPU.ActiveCfg = Debug|Any CPU
		{95D7E8A5-9272-4A4B-8FA2-7929B104CDE1}.Debug|Any CPU.Build.0 = Debug|Any CPU
		{95D7E8A5-9272-4A4B-8FA2-7929B104CDE1}.Release|Any CPU.ActiveCfg = Release|Any CPU
		{95D7E8A5-9272-4A4B-8FA2-7929B104CDE1}.Release|Any CPU.Build.0 = Release|Any CPU
		{1D3662D4-0998-41CC-84A2-1F8652EDD29B}.Debug|Any CPU.ActiveCfg = Debug|Any CPU
		{1D3662D4-0998-41CC-84A2-1F8652EDD29B}.Debug|Any CPU.Build.0 = Debug|Any CPU
		{1D3662D4-0998-41CC-84A2-1F8652EDD29B}.Release|Any CPU.ActiveCfg = Release|Any CPU
		{1D3662D4-0998-41CC-84A2-1F8652EDD29B}.Release|Any CPU.Build.0 = Release|Any CPU
		{2B89E555-C50C-4A88-956A-A6638A8D02C0}.Debug|Any CPU.ActiveCfg = Debug|Any CPU
		{2B89E555-C50C-4A88-956A-A6638A8D02C0}.Debug|Any CPU.Build.0 = Debug|Any CPU
		{2B89E555-C50C-4A88-956A-A6638A8D02C0}.Release|Any CPU.ActiveCfg = Release|Any CPU
		{2B89E555-C50C-4A88-956A-A6638A8D02C0}.Release|Any CPU.Build.0 = Release|Any CPU
		{472FA35E-D297-444B-A9DF-60770FBF90D0}.Debug|Any CPU.ActiveCfg = Debug|Any CPU
		{472FA35E-D297-444B-A9DF-60770FBF90D0}.Debug|Any CPU.Build.0 = Debug|Any CPU
		{472FA35E-D297-444B-A9DF-60770FBF90D0}.Release|Any CPU.ActiveCfg = Release|Any CPU
		{472FA35E-D297-444B-A9DF-60770FBF90D0}.Release|Any CPU.Build.0 = Release|Any CPU
		{F6071750-5B70-470D-A5A3-2EFCF438A8FF}.Debug|Any CPU.ActiveCfg = Debug|Any CPU
		{F6071750-5B70-470D-A5A3-2EFCF438A8FF}.Debug|Any CPU.Build.0 = Debug|Any CPU
		{F6071750-5B70-470D-A5A3-2EFCF438A8FF}.Release|Any CPU.ActiveCfg = Release|Any CPU
		{F6071750-5B70-470D-A5A3-2EFCF438A8FF}.Release|Any CPU.Build.0 = Release|Any CPU
		{68309173-23AE-4E03-861E-0C37573998DC}.Debug|Any CPU.ActiveCfg = Debug|Any CPU
		{68309173-23AE-4E03-861E-0C37573998DC}.Debug|Any CPU.Build.0 = Debug|Any CPU
		{68309173-23AE-4E03-861E-0C37573998DC}.Release|Any CPU.ActiveCfg = Release|Any CPU
		{68309173-23AE-4E03-861E-0C37573998DC}.Release|Any CPU.Build.0 = Release|Any CPU
		{F339F145-70B4-4364-9019-DD18EC818C30}.Debug|Any CPU.ActiveCfg = Debug|Any CPU
		{F339F145-70B4-4364-9019-DD18EC818C30}.Debug|Any CPU.Build.0 = Debug|Any CPU
		{F339F145-70B4-4364-9019-DD18EC818C30}.Release|Any CPU.ActiveCfg = Release|Any CPU
		{F339F145-70B4-4364-9019-DD18EC818C30}.Release|Any CPU.Build.0 = Release|Any CPU
		{154FA215-005C-46DF-B967-59A52A5FDDBF}.Debug|Any CPU.ActiveCfg = Debug|Any CPU
		{154FA215-005C-46DF-B967-59A52A5FDDBF}.Debug|Any CPU.Build.0 = Debug|Any CPU
		{154FA215-005C-46DF-B967-59A52A5FDDBF}.Release|Any CPU.ActiveCfg = Release|Any CPU
		{154FA215-005C-46DF-B967-59A52A5FDDBF}.Release|Any CPU.Build.0 = Release|Any CPU
		{D6FD7C5C-0C68-4959-9153-F078BF57BD18}.Debug|Any CPU.ActiveCfg = Debug|Any CPU
		{D6FD7C5C-0C68-4959-9153-F078BF57BD18}.Debug|Any CPU.Build.0 = Debug|Any CPU
		{D6FD7C5C-0C68-4959-9153-F078BF57BD18}.Release|Any CPU.ActiveCfg = Release|Any CPU
		{D6FD7C5C-0C68-4959-9153-F078BF57BD18}.Release|Any CPU.Build.0 = Release|Any CPU
		{FDF66CA2-6E1F-497E-A224-9655B6E7DF3E}.Debug|Any CPU.ActiveCfg = Debug|Any CPU
		{FDF66CA2-6E1F-497E-A224-9655B6E7DF3E}.Debug|Any CPU.Build.0 = Debug|Any CPU
		{FDF66CA2-6E1F-497E-A224-9655B6E7DF3E}.Release|Any CPU.ActiveCfg = Release|Any CPU
		{FDF66CA2-6E1F-497E-A224-9655B6E7DF3E}.Release|Any CPU.Build.0 = Release|Any CPU
		{E52B0A44-40EF-4F47-B73F-F4EB03DEB59E}.Debug|Any CPU.ActiveCfg = Debug|Any CPU
		{E52B0A44-40EF-4F47-B73F-F4EB03DEB59E}.Debug|Any CPU.Build.0 = Debug|Any CPU
		{E52B0A44-40EF-4F47-B73F-F4EB03DEB59E}.Release|Any CPU.ActiveCfg = Release|Any CPU
		{E52B0A44-40EF-4F47-B73F-F4EB03DEB59E}.Release|Any CPU.Build.0 = Release|Any CPU
		{57FF3F4A-42F2-42C0-902C-11A0120BDAD0}.Debug|Any CPU.ActiveCfg = Debug|Any CPU
		{57FF3F4A-42F2-42C0-902C-11A0120BDAD0}.Debug|Any CPU.Build.0 = Debug|Any CPU
		{57FF3F4A-42F2-42C0-902C-11A0120BDAD0}.Release|Any CPU.ActiveCfg = Release|Any CPU
		{57FF3F4A-42F2-42C0-902C-11A0120BDAD0}.Release|Any CPU.Build.0 = Release|Any CPU
		{680FBAA8-7714-4654-B62C-D6266470F00D}.Debug|Any CPU.ActiveCfg = Debug|Any CPU
		{680FBAA8-7714-4654-B62C-D6266470F00D}.Debug|Any CPU.Build.0 = Debug|Any CPU
		{680FBAA8-7714-4654-B62C-D6266470F00D}.Release|Any CPU.ActiveCfg = Release|Any CPU
		{680FBAA8-7714-4654-B62C-D6266470F00D}.Release|Any CPU.Build.0 = Release|Any CPU
		{2A003CAD-827F-4082-B8B2-C37A4A2C45D9}.Debug|Any CPU.ActiveCfg = Debug|Any CPU
		{2A003CAD-827F-4082-B8B2-C37A4A2C45D9}.Debug|Any CPU.Build.0 = Debug|Any CPU
		{2A003CAD-827F-4082-B8B2-C37A4A2C45D9}.Release|Any CPU.ActiveCfg = Release|Any CPU
		{2A003CAD-827F-4082-B8B2-C37A4A2C45D9}.Release|Any CPU.Build.0 = Release|Any CPU
		{2947814F-0F89-4D09-9F7C-22D1ACEEFA7D}.Debug|Any CPU.ActiveCfg = Debug|Any CPU
		{2947814F-0F89-4D09-9F7C-22D1ACEEFA7D}.Debug|Any CPU.Build.0 = Debug|Any CPU
		{2947814F-0F89-4D09-9F7C-22D1ACEEFA7D}.Release|Any CPU.ActiveCfg = Release|Any CPU
		{2947814F-0F89-4D09-9F7C-22D1ACEEFA7D}.Release|Any CPU.Build.0 = Release|Any CPU
	EndGlobalSection
	GlobalSection(NestedProjects) = preSolution
		{7C03B289-0C7B-4DE0-A63F-E67501C1987F} = {5C43244C-A4A2-4DA3-B9B8-C752E892551A}
		{5E47EF7A-072C-4C87-8857-F8166FA7C785} = {5C43244C-A4A2-4DA3-B9B8-C752E892551A}
		{EA94B18D-8829-4B40-816B-9369CEE10668} = {5C43244C-A4A2-4DA3-B9B8-C752E892551A}
		{D8067DDE-6FCA-493B-A29D-E55403425260} = {5C43244C-A4A2-4DA3-B9B8-C752E892551A}
		{8D36CB3F-38DF-4227-B2FC-48229150BE76} = {59DBDF1D-F704-483B-ADF1-F6B7BF87965E}
		{B65042A3-32E9-458D-B440-A0544AF8E473} = {59DBDF1D-F704-483B-ADF1-F6B7BF87965E}
		{54F154BD-E12D-4E56-8288-3AC4DF3CD2A6} = {59DBDF1D-F704-483B-ADF1-F6B7BF87965E}
		{5C43244C-A4A2-4DA3-B9B8-C752E892551A} = {05BFFD7C-0F31-4EA0-A4FB-C326F25D1D31}
		{C5C9F05F-011D-418D-8C50-F4EA02592335} = {05BFFD7C-0F31-4EA0-A4FB-C326F25D1D31}
		{502F29ED-9556-4858-9A75-27EDEA665DC3} = {C5C9F05F-011D-418D-8C50-F4EA02592335}
		{4474325D-982F-4753-A515-74C86916BE85} = {C5C9F05F-011D-418D-8C50-F4EA02592335}
		{D83F0551-50C5-4598-962B-1AF41CAE6344} = {C5C9F05F-011D-418D-8C50-F4EA02592335}
		{F24D1C94-9C1B-40C0-A4C4-DE208E528EB7} = {C5C9F05F-011D-418D-8C50-F4EA02592335}
		{E94731D4-9F62-4399-9F25-72065FFBE8A6} = {05BFFD7C-0F31-4EA0-A4FB-C326F25D1D31}
		{401DBB67-672B-4FC9-8854-AD12F3DACA3A} = {E94731D4-9F62-4399-9F25-72065FFBE8A6}
		{DC7A047E-FB7F-46B9-885A-013104B9AB31} = {E94731D4-9F62-4399-9F25-72065FFBE8A6}
		{85594006-01AD-446D-BDEF-0E9A7C6F4E61} = {E94731D4-9F62-4399-9F25-72065FFBE8A6}
		{3E1E9B5F-596F-47BF-8F86-0E1B264C6849} = {05BFFD7C-0F31-4EA0-A4FB-C326F25D1D31}
		{8A580AE0-B0D4-42B9-BEFF-37FDFE518F0F} = {3E1E9B5F-596F-47BF-8F86-0E1B264C6849}
		{F47A5A49-A331-492C-B076-85BC95F26675} = {3E1E9B5F-596F-47BF-8F86-0E1B264C6849}
		{E8431038-6A66-4D4E-8A3F-92B056036140} = {3E1E9B5F-596F-47BF-8F86-0E1B264C6849}
		{A938CEFD-5283-40C6-94D6-CE3208F90026} = {3E1E9B5F-596F-47BF-8F86-0E1B264C6849}
		{293DB9A8-0310-40F3-A01D-3E97B7A849CB} = {E94731D4-9F62-4399-9F25-72065FFBE8A6}
		{004EAC1B-14BF-47E2-9E65-8DF535ACB03F} = {59DBDF1D-F704-483B-ADF1-F6B7BF87965E}
		{91A43440-E2C7-4CF0-AC4D-AEF728796A57} = {C5C9F05F-011D-418D-8C50-F4EA02592335}
		{D16C9C65-8A62-498A-8DF7-06237401FCD4} = {3E1E9B5F-596F-47BF-8F86-0E1B264C6849}
		{03873945-88AE-45EE-A52C-8FE524D6FB01} = {5C43244C-A4A2-4DA3-B9B8-C752E892551A}
		{990546AF-1228-4B9D-A775-245651FCEAFE} = {5C43244C-A4A2-4DA3-B9B8-C752E892551A}
		{4644CFDC-FF85-4CEE-98BE-7D438CD9C3D5} = {05BFFD7C-0F31-4EA0-A4FB-C326F25D1D31}
		{42BFDBBA-09AE-4DBE-977B-6B8883BB8C7E} = {4644CFDC-FF85-4CEE-98BE-7D438CD9C3D5}
		{1B1B3FE9-9FC9-4BF3-A563-8DC6CB1671D1} = {4644CFDC-FF85-4CEE-98BE-7D438CD9C3D5}
		{5C098E39-9E86-4D20-B82B-4790A98D7592} = {4644CFDC-FF85-4CEE-98BE-7D438CD9C3D5}
		{18AC7D26-9FB6-4139-AAFC-5580A447A066} = {4644CFDC-FF85-4CEE-98BE-7D438CD9C3D5}
		{5007DB17-79A8-4183-8A7A-7974D5F57289} = {FFC560F8-858F-4497-8644-15E9AE793708}
		{B2F86A16-5020-4934-99B5-201B614CD61D} = {FFC560F8-858F-4497-8644-15E9AE793708}
		{51024836-E905-4B1B-B84D-E6C4CEEA240D} = {05BFFD7C-0F31-4EA0-A4FB-C326F25D1D31}
		{E0D08E0C-D222-456A-9973-64D533CAFCF1} = {51024836-E905-4B1B-B84D-E6C4CEEA240D}
		{134CC8BE-F75B-450D-98D2-92F8E35FF99D} = {51024836-E905-4B1B-B84D-E6C4CEEA240D}
		{55CA59C5-8456-4932-8F42-37B76E8FF388} = {51024836-E905-4B1B-B84D-E6C4CEEA240D}
		{D0C6CE8B-A815-47FC-B4E1-02CDBD2BD9D6} = {51024836-E905-4B1B-B84D-E6C4CEEA240D}
		{CF26116F-5295-408B-9344-CDE8658D9B21} = {51024836-E905-4B1B-B84D-E6C4CEEA240D}
		{FCF741C3-7FDD-4F5B-9C79-D566BCB48C80} = {05BFFD7C-0F31-4EA0-A4FB-C326F25D1D31}
		{95D7E8A5-9272-4A4B-8FA2-7929B104CDE1} = {FCF741C3-7FDD-4F5B-9C79-D566BCB48C80}
		{1D3662D4-0998-41CC-84A2-1F8652EDD29B} = {4644CFDC-FF85-4CEE-98BE-7D438CD9C3D5}
		{2B89E555-C50C-4A88-956A-A6638A8D02C0} = {FCF741C3-7FDD-4F5B-9C79-D566BCB48C80}
		{472FA35E-D297-444B-A9DF-60770FBF90D0} = {FCF741C3-7FDD-4F5B-9C79-D566BCB48C80}
		{F6071750-5B70-470D-A5A3-2EFCF438A8FF} = {FCF741C3-7FDD-4F5B-9C79-D566BCB48C80}
		{68309173-23AE-4E03-861E-0C37573998DC} = {FCF741C3-7FDD-4F5B-9C79-D566BCB48C80}
		{0CA0C967-1970-4915-8E79-B84FDE59E5DA} = {05BFFD7C-0F31-4EA0-A4FB-C326F25D1D31}
		{F339F145-70B4-4364-9019-DD18EC818C30} = {0CA0C967-1970-4915-8E79-B84FDE59E5DA}
		{154FA215-005C-46DF-B967-59A52A5FDDBF} = {0CA0C967-1970-4915-8E79-B84FDE59E5DA}
		{D6FD7C5C-0C68-4959-9153-F078BF57BD18} = {0CA0C967-1970-4915-8E79-B84FDE59E5DA}
		{FDF66CA2-6E1F-497E-A224-9655B6E7DF3E} = {0CA0C967-1970-4915-8E79-B84FDE59E5DA}
		{E52B0A44-40EF-4F47-B73F-F4EB03DEB59E} = {0CA0C967-1970-4915-8E79-B84FDE59E5DA}
		{57FF3F4A-42F2-42C0-902C-11A0120BDAD0} = {59DBDF1D-F704-483B-ADF1-F6B7BF87965E}
		{680FBAA8-7714-4654-B62C-D6266470F00D} = {0CA0C967-1970-4915-8E79-B84FDE59E5DA}
		{2A003CAD-827F-4082-B8B2-C37A4A2C45D9} = {FCF741C3-7FDD-4F5B-9C79-D566BCB48C80}
		{2947814F-0F89-4D09-9F7C-22D1ACEEFA7D} = {3E1E9B5F-596F-47BF-8F86-0E1B264C6849}
	EndGlobalSection
EndGlobal
