
Microsoft Visual Studio Solution File, Format Version 12.00
Project("{2150E333-8FDC-42A3-9474-1A3956D46DE8}") = "Catalog", "Catalog", "{5C43244C-A4A2-4DA3-B9B8-C752E892551A}"
EndProject
Project("{FAE04EC0-301F-11D3-BF4B-00C04F79EFBC}") = "Catalog.Endpoints", "Catalog.Endpoints\Catalog.Endpoints.csproj", "{7C03B289-0C7B-4DE0-A63F-E67501C1987F}"
EndProject
Project("{FAE04EC0-301F-11D3-BF4B-00C04F79EFBC}") = "Catalog.Application", "Catalog.Application\Catalog.Application.csproj", "{5E47EF7A-072C-4C87-8857-F8166FA7C785}"
EndProject
Project("{FAE04EC0-301F-11D3-BF4B-00C04F79EFBC}") = "Catalog.Domain", "Catalog.Domain\Catalog.Domain.csproj", "{EA94B18D-8829-4B40-816B-9369CEE10668}"
EndProject
Project("{FAE04EC0-301F-11D3-BF4B-00C04F79EFBC}") = "Catalog.Infrastructure", "Catalog.Infrastructure\Catalog.Infrastructure.csproj", "{D8067DDE-6FCA-493B-A29D-E55403425260}"
EndProject
Project("{2150E333-8FDC-42A3-9474-1A3956D46DE8}") = "Shared", "Shared", "{59DBDF1D-F704-483B-ADF1-F6B7BF87965E}"
EndProject
Project("{FAE04EC0-301F-11D3-BF4B-00C04F79EFBC}") = "Shared.Application", "Shared.Application\Shared.Application.csproj", "{8D36CB3F-38DF-4227-B2FC-48229150BE76}"
EndProject
Project("{FAE04EC0-301F-11D3-BF4B-00C04F79EFBC}") = "Shared.Domain", "Shared.Domain\Shared.Domain.csproj", "{B65042A3-32E9-458D-B440-A0544AF8E473}"
EndProject
Project("{FAE04EC0-301F-11D3-BF4B-00C04F79EFBC}") = "Shared.Infrastructure", "Shared.Infrastructure\Shared.Infrastructure.csproj", "{54F154BD-E12D-4E56-8288-3AC4DF3CD2A6}"
EndProject
Project("{2150E333-8FDC-42A3-9474-1A3956D46DE8}") = "Modules", "Modules", "{05BFFD7C-0F31-4EA0-A4FB-C326F25D1D31}"
EndProject
Project("{FAE04EC0-301F-11D3-BF4B-00C04F79EFBC}") = "Wolfix.Host", "Wolfix.Host\Wolfix.Host.csproj", "{198662DE-2796-436C-B941-27E3F91B9966}"
EndProject
Project("{2150E333-8FDC-42A3-9474-1A3956D46DE8}") = "Media", "Media", "{C5C9F05F-011D-418D-8C50-F4EA02592335}"
EndProject
Project("{FAE04EC0-301F-11D3-BF4B-00C04F79EFBC}") = "Media.Application", "Media.Application\Media.Application.csproj", "{502F29ED-9556-4858-9A75-27EDEA665DC3}"
EndProject
Project("{FAE04EC0-301F-11D3-BF4B-00C04F79EFBC}") = "Media.Domain", "Media.Domain\Media.Domain.csproj", "{4474325D-982F-4753-A515-74C86916BE85}"
EndProject
Project("{FAE04EC0-301F-11D3-BF4B-00C04F79EFBC}") = "Media.Infrastructure", "Media.Infrastructure\Media.Infrastructure.csproj", "{D83F0551-50C5-4598-962B-1AF41CAE6344}"
EndProject
Project("{FAE04EC0-301F-11D3-BF4B-00C04F79EFBC}") = "Media.Api", "Media.Api\Media.Api.csproj", "{F24D1C94-9C1B-40C0-A4C4-DE208E528EB7}"
EndProject
Project("{2150E333-8FDC-42A3-9474-1A3956D46DE8}") = "Identity", "Identity", "{E94731D4-9F62-4399-9F25-72065FFBE8A6}"
EndProject
Project("{FAE04EC0-301F-11D3-BF4B-00C04F79EFBC}") = "Identity.Infrastructure", "Identity.Infrastructure\Identity.Infrastructure.csproj", "{401DBB67-672B-4FC9-8854-AD12F3DACA3A}"
EndProject
Project("{FAE04EC0-301F-11D3-BF4B-00C04F79EFBC}") = "Identity.Application", "Identity.Application\Identity.Application.csproj", "{DC7A047E-FB7F-46B9-885A-013104B9AB31}"
EndProject
Project("{FAE04EC0-301F-11D3-BF4B-00C04F79EFBC}") = "Identity.Endpoints", "Identity.Endpoints\Identity.Endpoints.csproj", "{85594006-01AD-446D-BDEF-0E9A7C6F4E61}"
EndProject
Project("{2150E333-8FDC-42A3-9474-1A3956D46DE8}") = "Customer", "Customer", "{3E1E9B5F-596F-47BF-8F86-0E1B264C6849}"
EndProject
Project("{FAE04EC0-301F-11D3-BF4B-00C04F79EFBC}") = "Customer.Domain", "Customer.Domain\Customer.Domain.csproj", "{8A580AE0-B0D4-42B9-BEFF-37FDFE518F0F}"
EndProject
Project("{FAE04EC0-301F-11D3-BF4B-00C04F79EFBC}") = "Customer.Infrastructure", "Customer.Infrastructure\Customer.Infrastructure.csproj", "{F47A5A49-A331-492C-B076-85BC95F26675}"
EndProject
Project("{FAE04EC0-301F-11D3-BF4B-00C04F79EFBC}") = "Customer.Application", "Customer.Application\Customer.Application.csproj", "{E8431038-6A66-4D4E-8A3F-92B056036140}"
EndProject
Project("{FAE04EC0-301F-11D3-BF4B-00C04F79EFBC}") = "Customer.Endpoints", "Customer.Endpoints\Customer.Endpoints.csproj", "{A938CEFD-5283-40C6-94D6-CE3208F90026}"
EndProject
Project("{FAE04EC0-301F-11D3-BF4B-00C04F79EFBC}") = "Identity.IntegrationEvents", "Identity.IntegrationEvents\Identity.IntegrationEvents.csproj", "{293DB9A8-0310-40F3-A01D-3E97B7A849CB}"
EndProject
Project("{FAE04EC0-301F-11D3-BF4B-00C04F79EFBC}") = "Shared.IntegrationEvents", "Shared.IntegrationEvents\Shared.IntegrationEvents.csproj", "{004EAC1B-14BF-47E2-9E65-8DF535ACB03F}"
EndProject
Project("{FAE04EC0-301F-11D3-BF4B-00C04F79EFBC}") = "Customer.IntegrationEvents", "Customer.IntegrationEvents\Customer.IntegrationEvents.csproj", "{D16C9C65-8A62-498A-8DF7-06237401FCD4}"
EndProject
Project("{FAE04EC0-301F-11D3-BF4B-00C04F79EFBC}") = "Catalog.IntegrationEvents", "Catalog.IntegrationEvents\Catalog.IntegrationEvents.csproj", "{724908AC-45C4-4ADC-BD22-7274CD65C2A3}"
EndProject
Project("{FAE04EC0-301F-11D3-BF4B-00C04F79EFBC}") = "Catalog.Tests", "Catalog.Tests\Catalog.Tests.csproj", "{03873945-88AE-45EE-A52C-8FE524D6FB01}"
EndProject
Project("{FAE04EC0-301F-11D3-BF4B-00C04F79EFBC}") = "Shared.API", "Shared.API\Shared.API.csproj", "{0624C669-D0C7-4858-BFD4-951A43596802}"
EndProject
Global
	GlobalSection(SolutionConfigurationPlatforms) = preSolution
		Debug|Any CPU = Debug|Any CPU
		Release|Any CPU = Release|Any CPU
	EndGlobalSection
	GlobalSection(ProjectConfigurationPlatforms) = postSolution
		{7C03B289-0C7B-4DE0-A63F-E67501C1987F}.Debug|Any CPU.ActiveCfg = Debug|Any CPU
		{7C03B289-0C7B-4DE0-A63F-E67501C1987F}.Debug|Any CPU.Build.0 = Debug|Any CPU
		{7C03B289-0C7B-4DE0-A63F-E67501C1987F}.Release|Any CPU.ActiveCfg = Release|Any CPU
		{7C03B289-0C7B-4DE0-A63F-E67501C1987F}.Release|Any CPU.Build.0 = Release|Any CPU
		{5E47EF7A-072C-4C87-8857-F8166FA7C785}.Debug|Any CPU.ActiveCfg = Debug|Any CPU
		{5E47EF7A-072C-4C87-8857-F8166FA7C785}.Debug|Any CPU.Build.0 = Debug|Any CPU
		{5E47EF7A-072C-4C87-8857-F8166FA7C785}.Release|Any CPU.ActiveCfg = Release|Any CPU
		{5E47EF7A-072C-4C87-8857-F8166FA7C785}.Release|Any CPU.Build.0 = Release|Any CPU
		{EA94B18D-8829-4B40-816B-9369CEE10668}.Debug|Any CPU.ActiveCfg = Debug|Any CPU
		{EA94B18D-8829-4B40-816B-9369CEE10668}.Debug|Any CPU.Build.0 = Debug|Any CPU
		{EA94B18D-8829-4B40-816B-9369CEE10668}.Release|Any CPU.ActiveCfg = Release|Any CPU
		{EA94B18D-8829-4B40-816B-9369CEE10668}.Release|Any CPU.Build.0 = Release|Any CPU
		{D8067DDE-6FCA-493B-A29D-E55403425260}.Debug|Any CPU.ActiveCfg = Debug|Any CPU
		{D8067DDE-6FCA-493B-A29D-E55403425260}.Debug|Any CPU.Build.0 = Debug|Any CPU
		{D8067DDE-6FCA-493B-A29D-E55403425260}.Release|Any CPU.ActiveCfg = Release|Any CPU
		{D8067DDE-6FCA-493B-A29D-E55403425260}.Release|Any CPU.Build.0 = Release|Any CPU
		{8D36CB3F-38DF-4227-B2FC-48229150BE76}.Debug|Any CPU.ActiveCfg = Debug|Any CPU
		{8D36CB3F-38DF-4227-B2FC-48229150BE76}.Debug|Any CPU.Build.0 = Debug|Any CPU
		{8D36CB3F-38DF-4227-B2FC-48229150BE76}.Release|Any CPU.ActiveCfg = Release|Any CPU
		{8D36CB3F-38DF-4227-B2FC-48229150BE76}.Release|Any CPU.Build.0 = Release|Any CPU
		{B65042A3-32E9-458D-B440-A0544AF8E473}.Debug|Any CPU.ActiveCfg = Debug|Any CPU
		{B65042A3-32E9-458D-B440-A0544AF8E473}.Debug|Any CPU.Build.0 = Debug|Any CPU
		{B65042A3-32E9-458D-B440-A0544AF8E473}.Release|Any CPU.ActiveCfg = Release|Any CPU
		{B65042A3-32E9-458D-B440-A0544AF8E473}.Release|Any CPU.Build.0 = Release|Any CPU
		{54F154BD-E12D-4E56-8288-3AC4DF3CD2A6}.Debug|Any CPU.ActiveCfg = Debug|Any CPU
		{54F154BD-E12D-4E56-8288-3AC4DF3CD2A6}.Debug|Any CPU.Build.0 = Debug|Any CPU
		{54F154BD-E12D-4E56-8288-3AC4DF3CD2A6}.Release|Any CPU.ActiveCfg = Release|Any CPU
		{54F154BD-E12D-4E56-8288-3AC4DF3CD2A6}.Release|Any CPU.Build.0 = Release|Any CPU
		{198662DE-2796-436C-B941-27E3F91B9966}.Debug|Any CPU.ActiveCfg = Debug|Any CPU
		{198662DE-2796-436C-B941-27E3F91B9966}.Debug|Any CPU.Build.0 = Debug|Any CPU
		{198662DE-2796-436C-B941-27E3F91B9966}.Release|Any CPU.ActiveCfg = Release|Any CPU
		{198662DE-2796-436C-B941-27E3F91B9966}.Release|Any CPU.Build.0 = Release|Any CPU
		{502F29ED-9556-4858-9A75-27EDEA665DC3}.Debug|Any CPU.ActiveCfg = Debug|Any CPU
		{502F29ED-9556-4858-9A75-27EDEA665DC3}.Debug|Any CPU.Build.0 = Debug|Any CPU
		{502F29ED-9556-4858-9A75-27EDEA665DC3}.Release|Any CPU.ActiveCfg = Release|Any CPU
		{502F29ED-9556-4858-9A75-27EDEA665DC3}.Release|Any CPU.Build.0 = Release|Any CPU
		{4474325D-982F-4753-A515-74C86916BE85}.Debug|Any CPU.ActiveCfg = Debug|Any CPU
		{4474325D-982F-4753-A515-74C86916BE85}.Debug|Any CPU.Build.0 = Debug|Any CPU
		{4474325D-982F-4753-A515-74C86916BE85}.Release|Any CPU.ActiveCfg = Release|Any CPU
		{4474325D-982F-4753-A515-74C86916BE85}.Release|Any CPU.Build.0 = Release|Any CPU
		{D83F0551-50C5-4598-962B-1AF41CAE6344}.Debug|Any CPU.ActiveCfg = Debug|Any CPU
		{D83F0551-50C5-4598-962B-1AF41CAE6344}.Debug|Any CPU.Build.0 = Debug|Any CPU
		{D83F0551-50C5-4598-962B-1AF41CAE6344}.Release|Any CPU.ActiveCfg = Release|Any CPU
		{D83F0551-50C5-4598-962B-1AF41CAE6344}.Release|Any CPU.Build.0 = Release|Any CPU
		{F24D1C94-9C1B-40C0-A4C4-DE208E528EB7}.Debug|Any CPU.ActiveCfg = Debug|Any CPU
		{F24D1C94-9C1B-40C0-A4C4-DE208E528EB7}.Debug|Any CPU.Build.0 = Debug|Any CPU
		{F24D1C94-9C1B-40C0-A4C4-DE208E528EB7}.Release|Any CPU.ActiveCfg = Release|Any CPU
		{F24D1C94-9C1B-40C0-A4C4-DE208E528EB7}.Release|Any CPU.Build.0 = Release|Any CPU
		{401DBB67-672B-4FC9-8854-AD12F3DACA3A}.Debug|Any CPU.ActiveCfg = Debug|Any CPU
		{401DBB67-672B-4FC9-8854-AD12F3DACA3A}.Debug|Any CPU.Build.0 = Debug|Any CPU
		{401DBB67-672B-4FC9-8854-AD12F3DACA3A}.Release|Any CPU.ActiveCfg = Release|Any CPU
		{401DBB67-672B-4FC9-8854-AD12F3DACA3A}.Release|Any CPU.Build.0 = Release|Any CPU
		{DC7A047E-FB7F-46B9-885A-013104B9AB31}.Debug|Any CPU.ActiveCfg = Debug|Any CPU
		{DC7A047E-FB7F-46B9-885A-013104B9AB31}.Debug|Any CPU.Build.0 = Debug|Any CPU
		{DC7A047E-FB7F-46B9-885A-013104B9AB31}.Release|Any CPU.ActiveCfg = Release|Any CPU
		{DC7A047E-FB7F-46B9-885A-013104B9AB31}.Release|Any CPU.Build.0 = Release|Any CPU
		{85594006-01AD-446D-BDEF-0E9A7C6F4E61}.Debug|Any CPU.ActiveCfg = Debug|Any CPU
		{85594006-01AD-446D-BDEF-0E9A7C6F4E61}.Debug|Any CPU.Build.0 = Debug|Any CPU
		{85594006-01AD-446D-BDEF-0E9A7C6F4E61}.Release|Any CPU.ActiveCfg = Release|Any CPU
		{85594006-01AD-446D-BDEF-0E9A7C6F4E61}.Release|Any CPU.Build.0 = Release|Any CPU
		{8A580AE0-B0D4-42B9-BEFF-37FDFE518F0F}.Debug|Any CPU.ActiveCfg = Debug|Any CPU
		{8A580AE0-B0D4-42B9-BEFF-37FDFE518F0F}.Debug|Any CPU.Build.0 = Debug|Any CPU
		{8A580AE0-B0D4-42B9-BEFF-37FDFE518F0F}.Release|Any CPU.ActiveCfg = Release|Any CPU
		{8A580AE0-B0D4-42B9-BEFF-37FDFE518F0F}.Release|Any CPU.Build.0 = Release|Any CPU
		{F47A5A49-A331-492C-B076-85BC95F26675}.Debug|Any CPU.ActiveCfg = Debug|Any CPU
		{F47A5A49-A331-492C-B076-85BC95F26675}.Debug|Any CPU.Build.0 = Debug|Any CPU
		{F47A5A49-A331-492C-B076-85BC95F26675}.Release|Any CPU.ActiveCfg = Release|Any CPU
		{F47A5A49-A331-492C-B076-85BC95F26675}.Release|Any CPU.Build.0 = Release|Any CPU
		{E8431038-6A66-4D4E-8A3F-92B056036140}.Debug|Any CPU.ActiveCfg = Debug|Any CPU
		{E8431038-6A66-4D4E-8A3F-92B056036140}.Debug|Any CPU.Build.0 = Debug|Any CPU
		{E8431038-6A66-4D4E-8A3F-92B056036140}.Release|Any CPU.ActiveCfg = Release|Any CPU
		{E8431038-6A66-4D4E-8A3F-92B056036140}.Release|Any CPU.Build.0 = Release|Any CPU
		{A938CEFD-5283-40C6-94D6-CE3208F90026}.Debug|Any CPU.ActiveCfg = Debug|Any CPU
		{A938CEFD-5283-40C6-94D6-CE3208F90026}.Debug|Any CPU.Build.0 = Debug|Any CPU
		{A938CEFD-5283-40C6-94D6-CE3208F90026}.Release|Any CPU.ActiveCfg = Release|Any CPU
		{A938CEFD-5283-40C6-94D6-CE3208F90026}.Release|Any CPU.Build.0 = Release|Any CPU
		{293DB9A8-0310-40F3-A01D-3E97B7A849CB}.Debug|Any CPU.ActiveCfg = Debug|Any CPU
		{293DB9A8-0310-40F3-A01D-3E97B7A849CB}.Debug|Any CPU.Build.0 = Debug|Any CPU
		{293DB9A8-0310-40F3-A01D-3E97B7A849CB}.Release|Any CPU.ActiveCfg = Release|Any CPU
		{293DB9A8-0310-40F3-A01D-3E97B7A849CB}.Release|Any CPU.Build.0 = Release|Any CPU
		{004EAC1B-14BF-47E2-9E65-8DF535ACB03F}.Debug|Any CPU.ActiveCfg = Debug|Any CPU
		{004EAC1B-14BF-47E2-9E65-8DF535ACB03F}.Debug|Any CPU.Build.0 = Debug|Any CPU
		{004EAC1B-14BF-47E2-9E65-8DF535ACB03F}.Release|Any CPU.ActiveCfg = Release|Any CPU
		{004EAC1B-14BF-47E2-9E65-8DF535ACB03F}.Release|Any CPU.Build.0 = Release|Any CPU
		{D16C9C65-8A62-498A-8DF7-06237401FCD4}.Debug|Any CPU.ActiveCfg = Debug|Any CPU
		{D16C9C65-8A62-498A-8DF7-06237401FCD4}.Debug|Any CPU.Build.0 = Debug|Any CPU
		{D16C9C65-8A62-498A-8DF7-06237401FCD4}.Release|Any CPU.ActiveCfg = Release|Any CPU
		{D16C9C65-8A62-498A-8DF7-06237401FCD4}.Release|Any CPU.Build.0 = Release|Any CPU
		{724908AC-45C4-4ADC-BD22-7274CD65C2A3}.Debug|Any CPU.ActiveCfg = Debug|Any CPU
		{724908AC-45C4-4ADC-BD22-7274CD65C2A3}.Debug|Any CPU.Build.0 = Debug|Any CPU
		{724908AC-45C4-4ADC-BD22-7274CD65C2A3}.Release|Any CPU.ActiveCfg = Release|Any CPU
		{724908AC-45C4-4ADC-BD22-7274CD65C2A3}.Release|Any CPU.Build.0 = Release|Any CPU
		{03873945-88AE-45EE-A52C-8FE524D6FB01}.Debug|Any CPU.ActiveCfg = Debug|Any CPU
		{03873945-88AE-45EE-A52C-8FE524D6FB01}.Debug|Any CPU.Build.0 = Debug|Any CPU
		{03873945-88AE-45EE-A52C-8FE524D6FB01}.Release|Any CPU.ActiveCfg = Release|Any CPU
		{03873945-88AE-45EE-A52C-8FE524D6FB01}.Release|Any CPU.Build.0 = Release|Any CPU
		{0624C669-D0C7-4858-BFD4-951A43596802}.Debug|Any CPU.ActiveCfg = Debug|Any CPU
		{0624C669-D0C7-4858-BFD4-951A43596802}.Debug|Any CPU.Build.0 = Debug|Any CPU
		{0624C669-D0C7-4858-BFD4-951A43596802}.Release|Any CPU.ActiveCfg = Release|Any CPU
		{0624C669-D0C7-4858-BFD4-951A43596802}.Release|Any CPU.Build.0 = Release|Any CPU
	EndGlobalSection
	GlobalSection(NestedProjects) = preSolution
		{7C03B289-0C7B-4DE0-A63F-E67501C1987F} = {5C43244C-A4A2-4DA3-B9B8-C752E892551A}
		{5E47EF7A-072C-4C87-8857-F8166FA7C785} = {5C43244C-A4A2-4DA3-B9B8-C752E892551A}
		{EA94B18D-8829-4B40-816B-9369CEE10668} = {5C43244C-A4A2-4DA3-B9B8-C752E892551A}
		{D8067DDE-6FCA-493B-A29D-E55403425260} = {5C43244C-A4A2-4DA3-B9B8-C752E892551A}
		{8D36CB3F-38DF-4227-B2FC-48229150BE76} = {59DBDF1D-F704-483B-ADF1-F6B7BF87965E}
		{B65042A3-32E9-458D-B440-A0544AF8E473} = {59DBDF1D-F704-483B-ADF1-F6B7BF87965E}
		{54F154BD-E12D-4E56-8288-3AC4DF3CD2A6} = {59DBDF1D-F704-483B-ADF1-F6B7BF87965E}
		{5C43244C-A4A2-4DA3-B9B8-C752E892551A} = {05BFFD7C-0F31-4EA0-A4FB-C326F25D1D31}
		{C5C9F05F-011D-418D-8C50-F4EA02592335} = {05BFFD7C-0F31-4EA0-A4FB-C326F25D1D31}
		{502F29ED-9556-4858-9A75-27EDEA665DC3} = {C5C9F05F-011D-418D-8C50-F4EA02592335}
		{4474325D-982F-4753-A515-74C86916BE85} = {C5C9F05F-011D-418D-8C50-F4EA02592335}
		{D83F0551-50C5-4598-962B-1AF41CAE6344} = {C5C9F05F-011D-418D-8C50-F4EA02592335}
		{F24D1C94-9C1B-40C0-A4C4-DE208E528EB7} = {C5C9F05F-011D-418D-8C50-F4EA02592335}
		{E94731D4-9F62-4399-9F25-72065FFBE8A6} = {05BFFD7C-0F31-4EA0-A4FB-C326F25D1D31}
		{401DBB67-672B-4FC9-8854-AD12F3DACA3A} = {E94731D4-9F62-4399-9F25-72065FFBE8A6}
		{DC7A047E-FB7F-46B9-885A-013104B9AB31} = {E94731D4-9F62-4399-9F25-72065FFBE8A6}
		{85594006-01AD-446D-BDEF-0E9A7C6F4E61} = {E94731D4-9F62-4399-9F25-72065FFBE8A6}
		{3E1E9B5F-596F-47BF-8F86-0E1B264C6849} = {05BFFD7C-0F31-4EA0-A4FB-C326F25D1D31}
		{8A580AE0-B0D4-42B9-BEFF-37FDFE518F0F} = {3E1E9B5F-596F-47BF-8F86-0E1B264C6849}
		{F47A5A49-A331-492C-B076-85BC95F26675} = {3E1E9B5F-596F-47BF-8F86-0E1B264C6849}
		{E8431038-6A66-4D4E-8A3F-92B056036140} = {3E1E9B5F-596F-47BF-8F86-0E1B264C6849}
		{A938CEFD-5283-40C6-94D6-CE3208F90026} = {3E1E9B5F-596F-47BF-8F86-0E1B264C6849}
		{293DB9A8-0310-40F3-A01D-3E97B7A849CB} = {E94731D4-9F62-4399-9F25-72065FFBE8A6}
		{004EAC1B-14BF-47E2-9E65-8DF535ACB03F} = {59DBDF1D-F704-483B-ADF1-F6B7BF87965E}
		{D16C9C65-8A62-498A-8DF7-06237401FCD4} = {3E1E9B5F-596F-47BF-8F86-0E1B264C6849}
		{724908AC-45C4-4ADC-BD22-7274CD65C2A3} = {5C43244C-A4A2-4DA3-B9B8-C752E892551A}
		{03873945-88AE-45EE-A52C-8FE524D6FB01} = {5C43244C-A4A2-4DA3-B9B8-C752E892551A}
		{0624C669-D0C7-4858-BFD4-951A43596802} = {59DBDF1D-F704-483B-ADF1-F6B7BF87965E}
	EndGlobalSection
EndGlobal
