
Microsoft Visual Studio Solution File, Format Version 12.00
Project("{2150E333-8FDC-42A3-9474-1A3956D46DE8}") = "Catalog", "Catalog", "{5C43244C-A4A2-4DA3-B9B8-C752E892551A}"
EndProject
Project("{FAE04EC0-301F-11D3-BF4B-00C04F79EFBC}") = "Catalog.Endpoints", "Catalog.Endpoints\Catalog.Endpoints.csproj", "{7C03B289-0C7B-4DE0-A63F-E67501C1987F}"
EndProject
Project("{FAE04EC0-301F-11D3-BF4B-00C04F79EFBC}") = "Catalog.Application", "Catalog.Application\Catalog.Application.csproj", "{5E47EF7A-072C-4C87-8857-F8166FA7C785}"
EndProject
Project("{FAE04EC0-301F-11D3-BF4B-00C04F79EFBC}") = "Catalog.Domain", "Catalog.Domain\Catalog.Domain.csproj", "{EA94B18D-8829-4B40-816B-9369CEE10668}"
EndProject
Project("{FAE04EC0-301F-11D3-BF4B-00C04F79EFBC}") = "Catalog.Infrastructure", "Catalog.Infrastructure\Catalog.Infrastructure.csproj", "{D8067DDE-6FCA-493B-A29D-E55403425260}"
EndProject
Project("{2150E333-8FDC-42A3-9474-1A3956D46DE8}") = "Shared", "Shared", "{59DBDF1D-F704-483B-ADF1-F6B7BF87965E}"
EndProject
Project("{FAE04EC0-301F-11D3-BF4B-00C04F79EFBC}") = "Shared.Application", "Shared.Application\Shared.Application.csproj", "{8D36CB3F-38DF-4227-B2FC-48229150BE76}"
EndProject
Project("{FAE04EC0-301F-11D3-BF4B-00C04F79EFBC}") = "Shared.Domain", "Shared.Domain\Shared.Domain.csproj", "{B65042A3-32E9-458D-B440-A0544AF8E473}"
EndProject
Project("{FAE04EC0-301F-11D3-BF4B-00C04F79EFBC}") = "Shared.Infrastructure", "Shared.Infrastructure\Shared.Infrastructure.csproj", "{54F154BD-E12D-4E56-8288-3AC4DF3CD2A6}"
EndProject
Project("{2150E333-8FDC-42A3-9474-1A3956D46DE8}") = "Modules", "Modules", "{05BFFD7C-0F31-4EA0-A4FB-C326F25D1D31}"
EndProject
Project("{FAE04EC0-301F-11D3-BF4B-00C04F79EFBC}") = "Wolfix.Host", "Wolfix.Host\Wolfix.Host.csproj", "{198662DE-2796-436C-B941-27E3F91B9966}"
EndProject
Project("{2150E333-8FDC-42A3-9474-1A3956D46DE8}") = "Identity", "Identity", "{E94731D4-9F62-4399-9F25-72065FFBE8A6}"
EndProject
Project("{FAE04EC0-301F-11D3-BF4B-00C04F79EFBC}") = "Identity.Infrastructure", "Identity.Infrastructure\Identity.Infrastructure.csproj", "{401DBB67-672B-4FC9-8854-AD12F3DACA3A}"
EndProject
Project("{FAE04EC0-301F-11D3-BF4B-00C04F79EFBC}") = "Identity.Application", "Identity.Application\Identity.Application.csproj", "{DC7A047E-FB7F-46B9-885A-013104B9AB31}"
EndProject
Project("{FAE04EC0-301F-11D3-BF4B-00C04F79EFBC}") = "Identity.Endpoints", "Identity.Endpoints\Identity.Endpoints.csproj", "{85594006-01AD-446D-BDEF-0E9A7C6F4E61}"
EndProject
Global
	GlobalSection(SolutionConfigurationPlatforms) = preSolution
		Debug|Any CPU = Debug|Any CPU
		Release|Any CPU = Release|Any CPU
	EndGlobalSection
	GlobalSection(ProjectConfigurationPlatforms) = postSolution
		{7C03B289-0C7B-4DE0-A63F-E67501C1987F}.Debug|Any CPU.ActiveCfg = Debug|Any CPU
		{7C03B289-0C7B-4DE0-A63F-E67501C1987F}.Debug|Any CPU.Build.0 = Debug|Any CPU
		{7C03B289-0C7B-4DE0-A63F-E67501C1987F}.Release|Any CPU.ActiveCfg = Release|Any CPU
		{7C03B289-0C7B-4DE0-A63F-E67501C1987F}.Release|Any CPU.Build.0 = Release|Any CPU
		{5E47EF7A-072C-4C87-8857-F8166FA7C785}.Debug|Any CPU.ActiveCfg = Debug|Any CPU
		{5E47EF7A-072C-4C87-8857-F8166FA7C785}.Debug|Any CPU.Build.0 = Debug|Any CPU
		{5E47EF7A-072C-4C87-8857-F8166FA7C785}.Release|Any CPU.ActiveCfg = Release|Any CPU
		{5E47EF7A-072C-4C87-8857-F8166FA7C785}.Release|Any CPU.Build.0 = Release|Any CPU
		{EA94B18D-8829-4B40-816B-9369CEE10668}.Debug|Any CPU.ActiveCfg = Debug|Any CPU
		{EA94B18D-8829-4B40-816B-9369CEE10668}.Debug|Any CPU.Build.0 = Debug|Any CPU
		{EA94B18D-8829-4B40-816B-9369CEE10668}.Release|Any CPU.ActiveCfg = Release|Any CPU
		{EA94B18D-8829-4B40-816B-9369CEE10668}.Release|Any CPU.Build.0 = Release|Any CPU
		{D8067DDE-6FCA-493B-A29D-E55403425260}.Debug|Any CPU.ActiveCfg = Debug|Any CPU
		{D8067DDE-6FCA-493B-A29D-E55403425260}.Debug|Any CPU.Build.0 = Debug|Any CPU
		{D8067DDE-6FCA-493B-A29D-E55403425260}.Release|Any CPU.ActiveCfg = Release|Any CPU
		{D8067DDE-6FCA-493B-A29D-E55403425260}.Release|Any CPU.Build.0 = Release|Any CPU
		{8D36CB3F-38DF-4227-B2FC-48229150BE76}.Debug|Any CPU.ActiveCfg = Debug|Any CPU
		{8D36CB3F-38DF-4227-B2FC-48229150BE76}.Debug|Any CPU.Build.0 = Debug|Any CPU
		{8D36CB3F-38DF-4227-B2FC-48229150BE76}.Release|Any CPU.ActiveCfg = Release|Any CPU
		{8D36CB3F-38DF-4227-B2FC-48229150BE76}.Release|Any CPU.Build.0 = Release|Any CPU
		{B65042A3-32E9-458D-B440-A0544AF8E473}.Debug|Any CPU.ActiveCfg = Debug|Any CPU
		{B65042A3-32E9-458D-B440-A0544AF8E473}.Debug|Any CPU.Build.0 = Debug|Any CPU
		{B65042A3-32E9-458D-B440-A0544AF8E473}.Release|Any CPU.ActiveCfg = Release|Any CPU
		{B65042A3-32E9-458D-B440-A0544AF8E473}.Release|Any CPU.Build.0 = Release|Any CPU
		{54F154BD-E12D-4E56-8288-3AC4DF3CD2A6}.Debug|Any CPU.ActiveCfg = Debug|Any CPU
		{54F154BD-E12D-4E56-8288-3AC4DF3CD2A6}.Debug|Any CPU.Build.0 = Debug|Any CPU
		{54F154BD-E12D-4E56-8288-3AC4DF3CD2A6}.Release|Any CPU.ActiveCfg = Release|Any CPU
		{54F154BD-E12D-4E56-8288-3AC4DF3CD2A6}.Release|Any CPU.Build.0 = Release|Any CPU
		{198662DE-2796-436C-B941-27E3F91B9966}.Debug|Any CPU.ActiveCfg = Debug|Any CPU
		{198662DE-2796-436C-B941-27E3F91B9966}.Debug|Any CPU.Build.0 = Debug|Any CPU
		{198662DE-2796-436C-B941-27E3F91B9966}.Release|Any CPU.ActiveCfg = Release|Any CPU
		{198662DE-2796-436C-B941-27E3F91B9966}.Release|Any CPU.Build.0 = Release|Any CPU
		{401DBB67-672B-4FC9-8854-AD12F3DACA3A}.Debug|Any CPU.ActiveCfg = Debug|Any CPU
		{401DBB67-672B-4FC9-8854-AD12F3DACA3A}.Debug|Any CPU.Build.0 = Debug|Any CPU
		{401DBB67-672B-4FC9-8854-AD12F3DACA3A}.Release|Any CPU.ActiveCfg = Release|Any CPU
		{401DBB67-672B-4FC9-8854-AD12F3DACA3A}.Release|Any CPU.Build.0 = Release|Any CPU
		{DC7A047E-FB7F-46B9-885A-013104B9AB31}.Debug|Any CPU.ActiveCfg = Debug|Any CPU
		{DC7A047E-FB7F-46B9-885A-013104B9AB31}.Debug|Any CPU.Build.0 = Debug|Any CPU
		{DC7A047E-FB7F-46B9-885A-013104B9AB31}.Release|Any CPU.ActiveCfg = Release|Any CPU
		{DC7A047E-FB7F-46B9-885A-013104B9AB31}.Release|Any CPU.Build.0 = Release|Any CPU
		{85594006-01AD-446D-BDEF-0E9A7C6F4E61}.Debug|Any CPU.ActiveCfg = Debug|Any CPU
		{85594006-01AD-446D-BDEF-0E9A7C6F4E61}.Debug|Any CPU.Build.0 = Debug|Any CPU
		{85594006-01AD-446D-BDEF-0E9A7C6F4E61}.Release|Any CPU.ActiveCfg = Release|Any CPU
		{85594006-01AD-446D-BDEF-0E9A7C6F4E61}.Release|Any CPU.Build.0 = Release|Any CPU
	EndGlobalSection
	GlobalSection(NestedProjects) = preSolution
		{7C03B289-0C7B-4DE0-A63F-E67501C1987F} = {5C43244C-A4A2-4DA3-B9B8-C752E892551A}
		{5E47EF7A-072C-4C87-8857-F8166FA7C785} = {5C43244C-A4A2-4DA3-B9B8-C752E892551A}
		{EA94B18D-8829-4B40-816B-9369CEE10668} = {5C43244C-A4A2-4DA3-B9B8-C752E892551A}
		{D8067DDE-6FCA-493B-A29D-E55403425260} = {5C43244C-A4A2-4DA3-B9B8-C752E892551A}
		{8D36CB3F-38DF-4227-B2FC-48229150BE76} = {59DBDF1D-F704-483B-ADF1-F6B7BF87965E}
		{B65042A3-32E9-458D-B440-A0544AF8E473} = {59DBDF1D-F704-483B-ADF1-F6B7BF87965E}
		{54F154BD-E12D-4E56-8288-3AC4DF3CD2A6} = {59DBDF1D-F704-483B-ADF1-F6B7BF87965E}
		{5C43244C-A4A2-4DA3-B9B8-C752E892551A} = {05BFFD7C-0F31-4EA0-A4FB-C326F25D1D31}
		{E94731D4-9F62-4399-9F25-72065FFBE8A6} = {05BFFD7C-0F31-4EA0-A4FB-C326F25D1D31}
		{401DBB67-672B-4FC9-8854-AD12F3DACA3A} = {E94731D4-9F62-4399-9F25-72065FFBE8A6}
		{DC7A047E-FB7F-46B9-885A-013104B9AB31} = {E94731D4-9F62-4399-9F25-72065FFBE8A6}
		{85594006-01AD-446D-BDEF-0E9A7C6F4E61} = {E94731D4-9F62-4399-9F25-72065FFBE8A6}
	EndGlobalSection
EndGlobal
